// !$*UTF8*$!
{
	archiveVersion = 1;
	classes = {
	};
	objectVersion = 46;
	objects = {

/* Begin PBXBuildFile section */
		A8B1EAA31CBDD6C400505759 /* AppDelegate.swift in Sources */ = {isa = PBXBuildFile; fileRef = A8B1EAA21CBDD6C400505759 /* AppDelegate.swift */; };
		A8B1EAA51CBDD6C400505759 /* ViewController.swift in Sources */ = {isa = PBXBuildFile; fileRef = A8B1EAA41CBDD6C400505759 /* ViewController.swift */; };
		A8B1EAA81CBDD6C400505759 /* Main.storyboard in Resources */ = {isa = PBXBuildFile; fileRef = A8B1EAA61CBDD6C400505759 /* Main.storyboard */; };
		A8B1EAAB1CBDD6C400505759 /* baby_Checker.xcdatamodeld in Sources */ = {isa = PBXBuildFile; fileRef = A8B1EAA91CBDD6C400505759 /* baby_Checker.xcdatamodeld */; };
		A8B1EAAD1CBDD6C400505759 /* Assets.xcassets in Resources */ = {isa = PBXBuildFile; fileRef = A8B1EAAC1CBDD6C400505759 /* Assets.xcassets */; };
		A8B1EAB01CBDD6C400505759 /* LaunchScreen.storyboard in Resources */ = {isa = PBXBuildFile; fileRef = A8B1EAAE1CBDD6C400505759 /* LaunchScreen.storyboard */; };
/* End PBXBuildFile section */

/* Begin PBXFileReference section */
		A8B1EA9F1CBDD6C400505759 /* baby Checker.app */ = {isa = PBXFileReference; explicitFileType = wrapper.application; includeInIndex = 0; path = "baby Checker.app"; sourceTree = BUILT_PRODUCTS_DIR; };
		A8B1EAA21CBDD6C400505759 /* AppDelegate.swift */ = {isa = PBXFileReference; lastKnownFileType = sourcecode.swift; path = AppDelegate.swift; sourceTree = "<group>"; };
		A8B1EAA41CBDD6C400505759 /* ViewController.swift */ = {isa = PBXFileReference; lastKnownFileType = sourcecode.swift; path = ViewController.swift; sourceTree = "<group>"; };
		A8B1EAA71CBDD6C400505759 /* Base */ = {isa = PBXFileReference; lastKnownFileType = file.storyboard; name = Base; path = Base.lproj/Main.storyboard; sourceTree = "<group>"; };
		A8B1EAAA1CBDD6C400505759 /* baby_Checker.xcdatamodel */ = {isa = PBXFileReference; lastKnownFileType = wrapper.xcdatamodel; path = baby_Checker.xcdatamodel; sourceTree = "<group>"; };
		A8B1EAAC1CBDD6C400505759 /* Assets.xcassets */ = {isa = PBXFileReference; lastKnownFileType = folder.assetcatalog; path = Assets.xcassets; sourceTree = "<group>"; };
		A8B1EAAF1CBDD6C400505759 /* Base */ = {isa = PBXFileReference; lastKnownFileType = file.storyboard; name = Base; path = Base.lproj/LaunchScreen.storyboard; sourceTree = "<group>"; };
		A8B1EAB11CBDD6C400505759 /* Info.plist */ = {isa = PBXFileReference; lastKnownFileType = text.plist.xml; path = Info.plist; sourceTree = "<group>"; };
/* End PBXFileReference section */

/* Begin PBXFrameworksBuildPhase section */
		A8B1EA9C1CBDD6C400505759 /* Frameworks */ = {
			isa = PBXFrameworksBuildPhase;
			buildActionMask = 2147483647;
			files = (
			);
			runOnlyForDeploymentPostprocessing = 0;
		};
/* End PBXFrameworksBuildPhase section */

/* Begin PBXGroup section */
		A8B1EA961CBDD6C400505759 = {
			isa = PBXGroup;
			children = (
				A8B1EAA11CBDD6C400505759 /* baby Checker */,
				A8B1EAA01CBDD6C400505759 /* Products */,
			);
			sourceTree = "<group>";
		};
		A8B1EAA01CBDD6C400505759 /* Products */ = {
			isa = PBXGroup;
			children = (
				A8B1EA9F1CBDD6C400505759 /* baby Checker.app */,
			);
			name = Products;
			sourceTree = "<group>";
		};
		A8B1EAA11CBDD6C400505759 /* baby Checker */ = {
			isa = PBXGroup;
			children = (
				A8B1EAA21CBDD6C400505759 /* AppDelegate.swift */,
				A8B1EAA41CBDD6C400505759 /* ViewController.swift */,
				A8B1EAA61CBDD6C400505759 /* Main.storyboard */,
				A8B1EAAC1CBDD6C400505759 /* Assets.xcassets */,
				A8B1EAAE1CBDD6C400505759 /* LaunchScreen.storyboard */,
				A8B1EAB11CBDD6C400505759 /* Info.plist */,
				A8B1EAA91CBDD6C400505759 /* baby_Checker.xcdatamodeld */,
			);
			path = "baby Checker";
			sourceTree = "<group>";
		};
/* End PBXGroup section */

/* Begin PBXNativeTarget section */
		A8B1EA9E1CBDD6C400505759 /* baby Checker */ = {
			isa = PBXNativeTarget;
			buildConfigurationList = A8B1EAB41CBDD6C400505759 /* Build configuration list for PBXNativeTarget "baby Checker" */;
			buildPhases = (
				A8B1EA9B1CBDD6C400505759 /* Sources */,
				A8B1EA9C1CBDD6C400505759 /* Frameworks */,
				A8B1EA9D1CBDD6C400505759 /* Resources */,
			);
			buildRules = (
			);
			dependencies = (
			);
			name = "baby Checker";
			productName = "baby Checker";
			productReference = A8B1EA9F1CBDD6C400505759 /* baby Checker.app */;
			productType = "com.apple.product-type.application";
		};
/* End PBXNativeTarget section */

/* Begin PBXProject section */
		A8B1EA971CBDD6C400505759 /* Project object */ = {
			isa = PBXProject;
			attributes = {
				LastSwiftUpdateCheck = 0730;
				LastUpgradeCheck = 0730;
				ORGANIZATIONNAME = "Yixiao Sun";
				TargetAttributes = {
					A8B1EA9E1CBDD6C400505759 = {
						CreatedOnToolsVersion = 7.3;
						DevelopmentTeam = MQ2N73P8ZR;
					};
				};
			};
			buildConfigurationList = A8B1EA9A1CBDD6C400505759 /* Build configuration list for PBXProject "baby Checker" */;
			compatibilityVersion = "Xcode 3.2";
			developmentRegion = English;
			hasScannedForEncodings = 0;
			knownRegions = (
				en,
				Base,
			);
			mainGroup = A8B1EA961CBDD6C400505759;
			productRefGroup = A8B1EAA01CBDD6C400505759 /* Products */;
			projectDirPath = "";
			projectRoot = "";
			targets = (
				A8B1EA9E1CBDD6C400505759 /* baby Checker */,
			);
		};
/* End PBXProject section */

/* Begin PBXResourcesBuildPhase section */
		A8B1EA9D1CBDD6C400505759 /* Resources */ = {
			isa = PBXResourcesBuildPhase;
			buildActionMask = 2147483647;
			files = (
				A8B1EAB01CBDD6C400505759 /* LaunchScreen.storyboard in Resources */,
				A8B1EAAD1CBDD6C400505759 /* Assets.xcassets in Resources */,
				A8B1EAA81CBDD6C400505759 /* Main.storyboard in Resources */,
			);
			runOnlyForDeploymentPostprocessing = 0;
		};
/* End PBXResourcesBuildPhase section */

/* Begin PBXSourcesBuildPhase section */
		A8B1EA9B1CBDD6C400505759 /* Sources */ = {
			isa = PBXSourcesBuildPhase;
			buildActionMask = 2147483647;
			files = (
				A8B1EAAB1CBDD6C400505759 /* baby_Checker.xcdatamodeld in Sources */,
				A8B1EAA51CBDD6C400505759 /* ViewController.swift in Sources */,
				A8B1EAA31CBDD6C400505759 /* AppDelegate.swift in Sources */,
			);
			runOnlyForDeploymentPostprocessing = 0;
		};
/* End PBXSourcesBuildPhase section */

/* Begin PBXVariantGroup section */
		A8B1EAA61CBDD6C400505759 /* Main.storyboard */ = {
			isa = PBXVariantGroup;
			children = (
				A8B1EAA71CBDD6C400505759 /* Base */,
			);
			name = Main.storyboard;
			sourceTree = "<group>";
		};
		A8B1EAAE1CBDD6C400505759 /* LaunchScreen.storyboard */ = {
			isa = PBXVariantGroup;
			children = (
				A8B1EAAF1CBDD6C400505759 /* Base */,
			);
			name = LaunchScreen.storyboard;
			sourceTree = "<group>";
		};
/* End PBXVariantGroup section */

/* Begin XCBuildConfiguration section */
		A8B1EAB21CBDD6C400505759 /* Debug */ = {
			isa = XCBuildConfiguration;
			buildSettings = {
				ALWAYS_SEARCH_USER_PATHS = NO;
				CLANG_ANALYZER_NONNULL = YES;
				CLANG_CXX_LANGUAGE_STANDARD = "gnu++0x";
				CLANG_CXX_LIBRARY = "libc++";
				CLANG_ENABLE_MODULES = YES;
				CLANG_ENABLE_OBJC_ARC = YES;
				CLANG_WARN_BOOL_CONVERSION = YES;
				CLANG_WARN_CONSTANT_CONVERSION = YES;
				CLANG_WARN_DIRECT_OBJC_ISA_USAGE = YES_ERROR;
				CLANG_WARN_EMPTY_BODY = YES;
				CLANG_WARN_ENUM_CONVERSION = YES;
				CLANG_WARN_INT_CONVERSION = YES;
				CLANG_WARN_OBJC_ROOT_CLASS = YES_ERROR;
				CLANG_WARN_UNREACHABLE_CODE = YES;
				CLANG_WARN__DUPLICATE_METHOD_MATCH = YES;
				"CODE_SIGN_IDENTITY[sdk=iphoneos*]" = "iPhone Developer";
				COPY_PHASE_STRIP = NO;
				DEBUG_INFORMATION_FORMAT = dwarf;
				ENABLE_STRICT_OBJC_MSGSEND = YES;
				ENABLE_TESTABILITY = YES;
				GCC_C_LANGUAGE_STANDARD = gnu99;
				GCC_DYNAMIC_NO_PIC = NO;
				GCC_NO_COMMON_BLOCKS = YES;
				GCC_OPTIMIZATION_LEVEL = 0;
				GCC_PREPROCESSOR_DEFINITIONS = (
					"DEBUG=1",
					"$(inherited)",
				);
				GCC_WARN_64_TO_32_BIT_CONVERSION = YES;
				GCC_WARN_ABOUT_RETURN_TYPE = YES_ERROR;
				GCC_WARN_UNDECLARED_SELECTOR = YES;
				GCC_WARN_UNINITIALIZED_AUTOS = YES_AGGRESSIVE;
				GCC_WARN_UNUSED_FUNCTION = YES;
				GCC_WARN_UNUSED_VARIABLE = YES;
				IPHONEOS_DEPLOYMENT_TARGET = 9.3;
				MTL_ENABLE_DEBUG_INFO = YES;
				ONLY_ACTIVE_ARCH = YES;
				SDKROOT = iphoneos;
				SWIFT_OPTIMIZATION_LEVEL = "-Onone";
				TARGETED_DEVICE_FAMILY = "1,2";
			};
			name = Debug;
		};
		A8B1EAB31CBDD6C400505759 /* Release */ = {
			isa = XCBuildConfiguration;
			buildSettings = {
				ALWAYS_SEARCH_USER_PATHS = NO;
				CLANG_ANALYZER_NONNULL = YES;
				CLANG_CXX_LANGUAGE_STANDARD = "gnu++0x";
				CLANG_CXX_LIBRARY = "libc++";
				CLANG_ENABLE_MODULES = YES;
				CLANG_ENABLE_OBJC_ARC = YES;
				CLANG_WARN_BOOL_CONVERSION = YES;
				CLANG_WARN_CONSTANT_CONVERSION = YES;
				CLANG_WARN_DIRECT_OBJC_ISA_USAGE = YES_ERROR;
				CLANG_WARN_EMPTY_BODY = YES;
				CLANG_WARN_ENUM_CONVERSION = YES;
				CLANG_WARN_INT_CONVERSION = YES;
				CLANG_WARN_OBJC_ROOT_CLASS = YES_ERROR;
				CLANG_WARN_UNREACHABLE_CODE = YES;
				CLANG_WARN__DUPLICATE_METHOD_MATCH = YES;
				"CODE_SIGN_IDENTITY[sdk=iphoneos*]" = "iPhone Developer";
				COPY_PHASE_STRIP = NO;
				DEBUG_INFORMATION_FORMAT = "dwarf-with-dsym";
				ENABLE_NS_ASSERTIONS = NO;
				ENABLE_STRICT_OBJC_MSGSEND = YES;
				GCC_C_LANGUAGE_STANDARD = gnu99;
				GCC_NO_COMMON_BLOCKS = YES;
				GCC_WARN_64_TO_32_BIT_CONVERSION = YES;
				GCC_WARN_ABOUT_RETURN_TYPE = YES_ERROR;
				GCC_WARN_UNDECLARED_SELECTOR = YES;
				GCC_WARN_UNINITIALIZED_AUTOS = YES_AGGRESSIVE;
				GCC_WARN_UNUSED_FUNCTION = YES;
				GCC_WARN_UNUSED_VARIABLE = YES;
				IPHONEOS_DEPLOYMENT_TARGET = 9.3;
				MTL_ENABLE_DEBUG_INFO = NO;
				SDKROOT = iphoneos;
				TARGETED_DEVICE_FAMILY = "1,2";
				VALIDATE_PRODUCT = YES;
			};
			name = Release;
		};
		A8B1EAB51CBDD6C400505759 /* Debug */ = {
			isa = XCBuildConfiguration;
			buildSettings = {
				ASSETCATALOG_COMPILER_APPICON_NAME = AppIcon;
				INFOPLIST_FILE = "baby Checker/Info.plist";
				LD_RUNPATH_SEARCH_PATHS = "$(inherited) @executable_path/Frameworks";
				PRODUCT_BUNDLE_IDENTIFIER = "com.alvin.baby-Checker";
				PRODUCT_NAME = "$(TARGET_NAME)";
			};
			name = Debug;
		};
		A8B1EAB61CBDD6C400505759 /* Release */ = {
			isa = XCBuildConfiguration;
			buildSettings = {
				ASSETCATALOG_COMPILER_APPICON_NAME = AppIcon;
				INFOPLIST_FILE = "baby Checker/Info.plist";
				LD_RUNPATH_SEARCH_PATHS = "$(inherited) @executable_path/Frameworks";
				PRODUCT_BUNDLE_IDENTIFIER = "com.alvin.baby-Checker";
				PRODUCT_NAME = "$(TARGET_NAME)";
			};
			name = Release;
		};
/* End XCBuildConfiguration section */

/* Begin XCConfigurationList section */
		A8B1EA9A1CBDD6C400505759 /* Build configuration list for PBXProject "baby Checker" */ = {
			isa = XCConfigurationList;
			buildConfigurations = (
				A8B1EAB21CBDD6C400505759 /* Debug */,
				A8B1EAB31CBDD6C400505759 /* Release */,
			);
			defaultConfigurationIsVisible = 0;
			defaultConfigurationName = Release;
		};
		A8B1EAB41CBDD6C400505759 /* Build configuration list for PBXNativeTarget "baby Checker" */ = {
			isa = XCConfigurationList;
			buildConfigurations = (
				A8B1EAB51CBDD6C400505759 /* Debug */,
				A8B1EAB61CBDD6C400505759 /* Release */,
			);
			defaultConfigurationIsVisible = 0;
		};
/* End XCConfigurationList section */

/* Begin XCVersionGroup section */
		A8B1EAA91CBDD6C400505759 /* baby_Checker.xcdatamodeld */ = {
			isa = XCVersionGroup;
			children = (
				A8B1EAAA1CBDD6C400505759 /* baby_Checker.xcdatamodel */,
			);
			currentVersion = A8B1EAAA1CBDD6C400505759 /* baby_Checker.xcdatamodel */;
			path = baby_Checker.xcdatamodeld;
			sourceTree = "<group>";
			versionGroupType = wrapper.xcdatamodel;
		};
/* End XCVersionGroup section */
	};
	rootObject = A8B1EA971CBDD6C400505759 /* Project object */;
}
